
Microsoft Visual Studio Solution File, Format Version 12.00
# Visual Studio 15
VisualStudioVersion = 15.0.34526.175
MinimumVisualStudioVersion = 10.0.40219.1
Project("{8BC9CEB8-8B4A-11D0-8D11-00A0C91BC942}") = "Project8", "Project8\Project8.vcxproj", "{BF2F5740-D349-4BCD-87A8-C43E26DB0E78}"
EndProject
Global
	GlobalSection(SolutionConfigurationPlatforms) = preSolution
		Debug|x64 = Debug|x64
		Debug|x86 = Debug|x86
		Release|x64 = Release|x64
		Release|x86 = Release|x86
	EndGlobalSection
	GlobalSection(ProjectConfigurationPlatforms) = postSolution
		{BF2F5740-D349-4BCD-87A8-C43E26DB0E78}.Debug|x64.ActiveCfg = Debug|x64
		{BF2F5740-D349-4BCD-87A8-C43E26DB0E78}.Debug|x64.Build.0 = Debug|x64
		{BF2F5740-D349-4BCD-87A8-C43E26DB0E78}.Debug|x86.ActiveCfg = Debug|Win32
		{BF2F5740-D349-4BCD-87A8-C43E26DB0E78}.Debug|x86.Build.0 = Debug|Win32
		{BF2F5740-D349-4BCD-87A8-C43E26DB0E78}.Release|x64.ActiveCfg = Release|x64
		{BF2F5740-D349-4BCD-87A8-C43E26DB0E78}.Release|x64.Build.0 = Release|x64
		{BF2F5740-D349-4BCD-87A8-C43E26DB0E78}.Release|x86.ActiveCfg = Release|Win32
		{BF2F5740-D349-4BCD-87A8-C43E26DB0E78}.Release|x86.Build.0 = Release|Win32
	EndGlobalSection
	GlobalSection(SolutionProperties) = preSolution
		HideSolutionNode = FALSE
	EndGlobalSection
	GlobalSection(ExtensibilityGlobals) = postSolution
		SolutionGuid = {DB5AE853-FC9E-4C93-864A-4C710C21DA29}
	EndGlobalSection
EndGlobal
